
Microsoft Visual Studio Solution File, Format Version 12.00
# Visual Studio Version 17
VisualStudioVersion = 17.9.34728.123
MinimumVisualStudioVersion = 10.0.40219.1
Project("{FAE04EC0-301F-11D3-BF4B-00C04F79EFBC}") = "PullRequestTextBot", "PullRequestTextBot\PullRequestTextBot.csproj", "{B263212F-EF6B-4700-90BE-9E70E6F8DF20}"
EndProject
Global
	GlobalSection(SolutionConfigurationPlatforms) = preSolution
		Debug|Any CPU = Debug|Any CPU
		Release|Any CPU = Release|Any CPU
	EndGlobalSection
	GlobalSection(ProjectConfigurationPlatforms) = postSolution
		{B263212F-EF6B-4700-90BE-9E70E6F8DF20}.Debug|Any CPU.ActiveCfg = Debug|Any CPU
		{B263212F-EF6B-4700-90BE-9E70E6F8DF20}.Debug|Any CPU.Build.0 = Debug|Any CPU
		{B263212F-EF6B-4700-90BE-9E70E6F8DF20}.Release|Any CPU.ActiveCfg = Release|Any CPU
		{B263212F-EF6B-4700-90BE-9E70E6F8DF20}.Release|Any CPU.Build.0 = Release|Any CPU
	EndGlobalSection
	GlobalSection(SolutionProperties) = preSolution
		HideSolutionNode = FALSE
	EndGlobalSection
	GlobalSection(ExtensibilityGlobals) = postSolution
		SolutionGuid = {988EC1AE-3542-4098-9E3D-C4ED727D7F1E}
	EndGlobalSection
EndGlobal
